
Microsoft Visual Studio Solution File, Format Version 12.00
# Visual Studio Version 17
VisualStudioVersion = 17.10.35027.167
MinimumVisualStudioVersion = 10.0.40219.1
Project("{8BC9CEB8-8B4A-11D0-8D11-00A0C91BC942}") = "01_calculator", "01_calculator\calculator.vcxproj", "{DDA75A63-996B-46B1-A397-D1E1AF13B4DD}"
EndProject
Project("{8BC9CEB8-8B4A-11D0-8D11-00A0C91BC942}") = "02_BigIntegerCalculator", "02_BigIntegerCalculator\02_BigIntegerCalculator.vcxproj", "{23D3D92F-78DF-425A-A981-D5474BDA1246}"
EndProject
Project("{8BC9CEB8-8B4A-11D0-8D11-00A0C91BC942}") = "03_AddressBook", "03_AddressBook\03_AddressBook.vcxproj", "{0F8E1F43-6FCA-4F5E-9282-4BFBF7498BB1}"
EndProject
Project("{8BC9CEB8-8B4A-11D0-8D11-00A0C91BC942}") = "04_AddressBookCpp", "04_AddressBookCpp\04_AddressBookCpp.vcxproj", "{982AB9B4-E443-4532-99D6-378DB4375396}"
EndProject
Global
	GlobalSection(SolutionConfigurationPlatforms) = preSolution
		Debug|x64 = Debug|x64
		Debug|x86 = Debug|x86
		Release|x64 = Release|x64
		Release|x86 = Release|x86
	EndGlobalSection
	GlobalSection(ProjectConfigurationPlatforms) = postSolution
		{DDA75A63-996B-46B1-A397-D1E1AF13B4DD}.Debug|x64.ActiveCfg = Debug|x64
		{DDA75A63-996B-46B1-A397-D1E1AF13B4DD}.Debug|x64.Build.0 = Debug|x64
		{DDA75A63-996B-46B1-A397-D1E1AF13B4DD}.Debug|x86.ActiveCfg = Debug|Win32
		{DDA75A63-996B-46B1-A397-D1E1AF13B4DD}.Debug|x86.Build.0 = Debug|Win32
		{DDA75A63-996B-46B1-A397-D1E1AF13B4DD}.Release|x64.ActiveCfg = Release|x64
		{DDA75A63-996B-46B1-A397-D1E1AF13B4DD}.Release|x64.Build.0 = Release|x64
		{DDA75A63-996B-46B1-A397-D1E1AF13B4DD}.Release|x86.ActiveCfg = Release|Win32
		{DDA75A63-996B-46B1-A397-D1E1AF13B4DD}.Release|x86.Build.0 = Release|Win32
		{23D3D92F-78DF-425A-A981-D5474BDA1246}.Debug|x64.ActiveCfg = Debug|x64
		{23D3D92F-78DF-425A-A981-D5474BDA1246}.Debug|x64.Build.0 = Debug|x64
		{23D3D92F-78DF-425A-A981-D5474BDA1246}.Debug|x86.ActiveCfg = Debug|Win32
		{23D3D92F-78DF-425A-A981-D5474BDA1246}.Debug|x86.Build.0 = Debug|Win32
		{23D3D92F-78DF-425A-A981-D5474BDA1246}.Release|x64.ActiveCfg = Release|x64
		{23D3D92F-78DF-425A-A981-D5474BDA1246}.Release|x64.Build.0 = Release|x64
		{23D3D92F-78DF-425A-A981-D5474BDA1246}.Release|x86.ActiveCfg = Release|Win32
		{23D3D92F-78DF-425A-A981-D5474BDA1246}.Release|x86.Build.0 = Release|Win32
		{0F8E1F43-6FCA-4F5E-9282-4BFBF7498BB1}.Debug|x64.ActiveCfg = Debug|x64
		{0F8E1F43-6FCA-4F5E-9282-4BFBF7498BB1}.Debug|x64.Build.0 = Debug|x64
		{0F8E1F43-6FCA-4F5E-9282-4BFBF7498BB1}.Debug|x86.ActiveCfg = Debug|Win32
		{0F8E1F43-6FCA-4F5E-9282-4BFBF7498BB1}.Debug|x86.Build.0 = Debug|Win32
		{0F8E1F43-6FCA-4F5E-9282-4BFBF7498BB1}.Release|x64.ActiveCfg = Release|x64
		{0F8E1F43-6FCA-4F5E-9282-4BFBF7498BB1}.Release|x64.Build.0 = Release|x64
		{0F8E1F43-6FCA-4F5E-9282-4BFBF7498BB1}.Release|x86.ActiveCfg = Release|Win32
		{0F8E1F43-6FCA-4F5E-9282-4BFBF7498BB1}.Release|x86.Build.0 = Release|Win32
		{982AB9B4-E443-4532-99D6-378DB4375396}.Debug|x64.ActiveCfg = Debug|x64
		{982AB9B4-E443-4532-99D6-378DB4375396}.Debug|x64.Build.0 = Debug|x64
		{982AB9B4-E443-4532-99D6-378DB4375396}.Debug|x86.ActiveCfg = Debug|Win32
		{982AB9B4-E443-4532-99D6-378DB4375396}.Debug|x86.Build.0 = Debug|Win32
		{982AB9B4-E443-4532-99D6-378DB4375396}.Release|x64.ActiveCfg = Release|x64
		{982AB9B4-E443-4532-99D6-378DB4375396}.Release|x64.Build.0 = Release|x64
		{982AB9B4-E443-4532-99D6-378DB4375396}.Release|x86.ActiveCfg = Release|Win32
		{982AB9B4-E443-4532-99D6-378DB4375396}.Release|x86.Build.0 = Release|Win32
	EndGlobalSection
	GlobalSection(SolutionProperties) = preSolution
		HideSolutionNode = FALSE
	EndGlobalSection
	GlobalSection(ExtensibilityGlobals) = postSolution
		SolutionGuid = {6ABDA9A6-0CFC-494B-B89D-824E2BBE7243}
	EndGlobalSection
EndGlobal
